
Microsoft Visual Studio Solution File, Format Version 12.00
# Visual Studio Version 17
VisualStudioVersion = 17.11.35312.102
MinimumVisualStudioVersion = 10.0.40219.1
Project("{FAE04EC0-301F-11D3-BF4B-00C04F79EFBC}") = "лаба3", "лаба3\лаба3.csproj", "{39B6EE65-2F69-439B-8932-A6B37EF36527}"
EndProject
Project("{FAE04EC0-301F-11D3-BF4B-00C04F79EFBC}") = "UnitTestProject1", "UnitTestProject1\UnitTestProject1.csproj", "{DBE86702-8EA7-4318-8A67-1D5FDA7743A0}"
EndProject
Global
	GlobalSection(SolutionConfigurationPlatforms) = preSolution
		Debug|Any CPU = Debug|Any CPU
		Release|Any CPU = Release|Any CPU
	EndGlobalSection
	GlobalSection(ProjectConfigurationPlatforms) = postSolution
		{39B6EE65-2F69-439B-8932-A6B37EF36527}.Debug|Any CPU.ActiveCfg = Debug|Any CPU
		{39B6EE65-2F69-439B-8932-A6B37EF36527}.Debug|Any CPU.Build.0 = Debug|Any CPU
		{39B6EE65-2F69-439B-8932-A6B37EF36527}.Release|Any CPU.ActiveCfg = Release|Any CPU
		{39B6EE65-2F69-439B-8932-A6B37EF36527}.Release|Any CPU.Build.0 = Release|Any CPU
		{DBE86702-8EA7-4318-8A67-1D5FDA7743A0}.Debug|Any CPU.ActiveCfg = Debug|Any CPU
		{DBE86702-8EA7-4318-8A67-1D5FDA7743A0}.Debug|Any CPU.Build.0 = Debug|Any CPU
		{DBE86702-8EA7-4318-8A67-1D5FDA7743A0}.Release|Any CPU.ActiveCfg = Release|Any CPU
		{DBE86702-8EA7-4318-8A67-1D5FDA7743A0}.Release|Any CPU.Build.0 = Release|Any CPU
	EndGlobalSection
	GlobalSection(SolutionProperties) = preSolution
		HideSolutionNode = FALSE
	EndGlobalSection
	GlobalSection(ExtensibilityGlobals) = postSolution
		SolutionGuid = {283A462C-0A1F-4266-AA5C-8A95FE1C03EF}
	EndGlobalSection
EndGlobal
